{
  "lockfile_version": "1",
  "packages": {
    "gibo@latest": {
      "last_modified": "2023-12-13T22:54:10Z",
      "resolved": "github:NixOS/nixpkgs/fd04bea4cbf76f86f244b9e2549fca066db8ddff#gibo",
      "source": "devbox-search",
      "version": "1.0.6",
      "systems": {
        "aarch64-darwin": {
          "store_path": "/nix/store/v1jzr8x4nziwnf55w83x4hwary9j669p-gibo-1.0.6"
        },
        "aarch64-linux": {
          "store_path": "/nix/store/4mcy2j9b1yzpgh747l91hixcdmmwwk7q-gibo-1.0.6"
        },
        "x86_64-darwin": {
          "store_path": "/nix/store/b2zdrpjs1j4nv161013khk9bk0sq0z2g-gibo-1.0.6"
        },
        "x86_64-linux": {
          "store_path": "/nix/store/dr1wd7mwlzk3grcxd909sxvxp089dqjs-gibo-1.0.6"
        }
      }
    },
    "go@latest": {
      "last_modified": "2023-12-13T22:54:10Z",
      "resolved": "github:NixOS/nixpkgs/fd04bea4cbf76f86f244b9e2549fca066db8ddff#go",
      "source": "devbox-search",
      "version": "1.21.5",
      "systems": {
        "aarch64-darwin": {
          "store_path": "/nix/store/b0rpa34hn6cgbkbn8sfr5dzv723ia3z2-go-1.21.5"
        },
        "aarch64-linux": {
          "store_path": "/nix/store/5jamaixw6ni5c05qqml6ld3j386v871k-go-1.21.5"
        },
        "x86_64-darwin": {
          "store_path": "/nix/store/hyzs4fhjw7zmwra5scss7hapgw22rcm5-go-1.21.5"
        },
        "x86_64-linux": {
          "store_path": "/nix/store/6qd8p8gilzgplpk2ni3109m0k71r21s7-go-1.21.5"
        }
      }
    },
    "golangci-lint@latest": {
      "last_modified": "2023-12-13T22:54:10Z",
      "resolved": "github:NixOS/nixpkgs/fd04bea4cbf76f86f244b9e2549fca066db8ddff#golangci-lint",
      "source": "devbox-search",
      "version": "1.55.2",
      "systems": {
        "aarch64-darwin": {
          "store_path": "/nix/store/75bdci5lqs0qy8iy4awyadabf0llnifm-golangci-lint-1.55.2"
        },
        "aarch64-linux": {
          "store_path": "/nix/store/lgmzpwc5mlw5x1yhpqi4gr31dspqvrfw-golangci-lint-1.55.2"
        },
        "x86_64-darwin": {
          "store_path": "/nix/store/14j804s3p9bsi1bp0spylh7f4zg26q28-golangci-lint-1.55.2"
        },
        "x86_64-linux": {
          "store_path": "/nix/store/y7d5gb08mk1cml4md026p1b86vjzwrhj-golangci-lint-1.55.2"
        }
      }
    },
    "graphviz@latest": {
      "last_modified": "2023-12-13T22:54:10Z",
      "resolved": "github:NixOS/nixpkgs/fd04bea4cbf76f86f244b9e2549fca066db8ddff#graphviz",
      "source": "devbox-search",
      "version": "9.0.0",
      "systems": {
        "aarch64-darwin": {
          "store_path": "/nix/store/z3x01141lns7sq229imhg2qc8h9mip1h-graphviz-9.0.0"
        },
        "aarch64-linux": {
          "store_path": "/nix/store/hy1x8zpfnvp5nzxrziqk6r8spgbr1ihw-graphviz-9.0.0"
        },
        "x86_64-darwin": {
          "store_path": "/nix/store/8zaxvw9mkg793i62117wlnf0py4sylfw-graphviz-9.0.0"
        },
        "x86_64-linux": {
          "store_path": "/nix/store/2q21pfaxa4314rwrp91kw0jrvq07q2yj-graphviz-9.0.0"
        }
      }
    }
  }
}
