{
  "lockfile_version": "1",
  "packages": {
    "gibo@latest": {
      "last_modified": "2023-11-19T17:46:56Z",
      "resolved": "github:NixOS/nixpkgs/0bf3f5cf6a98b5d077cdcdb00a6d4b3d92bc78b5#gibo",
      "source": "devbox-search",
      "version": "1.0.6",
      "systems": {
        "aarch64-darwin": {
          "store_path": "/nix/store/mqiyzam5gxx1clcqchhbkka80r5l39ac-gibo-1.0.6"
        },
        "aarch64-linux": {
          "store_path": "/nix/store/f1p96hnnr65ra11b870vr61mkv53mi0v-gibo-1.0.6"
        },
        "x86_64-darwin": {
          "store_path": "/nix/store/j2f4qqjrkbdmddgnhrcsy7i4n9i9c748-gibo-1.0.6"
        },
        "x86_64-linux": {
          "store_path": "/nix/store/r1vrknm3183waqgh4pfxjml5rwghhk4b-gibo-1.0.6"
        }
      }
    },
    "go@latest": {
      "last_modified": "2023-12-13T22:54:10Z",
      "resolved": "github:NixOS/nixpkgs/fd04bea4cbf76f86f244b9e2549fca066db8ddff#go",
      "source": "devbox-search",
      "version": "1.21.5",
      "systems": {
        "aarch64-darwin": {
          "store_path": "/nix/store/b0rpa34hn6cgbkbn8sfr5dzv723ia3z2-go-1.21.5"
        },
        "aarch64-linux": {
          "store_path": "/nix/store/5jamaixw6ni5c05qqml6ld3j386v871k-go-1.21.5"
        },
        "x86_64-darwin": {
          "store_path": "/nix/store/hyzs4fhjw7zmwra5scss7hapgw22rcm5-go-1.21.5"
        },
        "x86_64-linux": {
          "store_path": "/nix/store/6qd8p8gilzgplpk2ni3109m0k71r21s7-go-1.21.5"
        }
      }
    },
    "golangci-lint@latest": {
      "last_modified": "2023-11-19T17:46:56Z",
      "resolved": "github:NixOS/nixpkgs/0bf3f5cf6a98b5d077cdcdb00a6d4b3d92bc78b5#golangci-lint",
      "source": "devbox-search",
      "version": "1.55.2",
      "systems": {
        "aarch64-darwin": {
          "store_path": "/nix/store/ggfyqw5kl0dy7l6nhajcyayiw05wzrb1-golangci-lint-1.55.2"
        },
        "aarch64-linux": {
          "store_path": "/nix/store/ak3wnmbc43wqgg9zky98i44nazxvklqg-golangci-lint-1.55.2"
        },
        "x86_64-darwin": {
          "store_path": "/nix/store/xckmcrd22nij4xwzdiw8ydc4z00rgcd2-golangci-lint-1.55.2"
        },
        "x86_64-linux": {
          "store_path": "/nix/store/xiy36g6w9qcgzkyifi9hf7ayj2drap9k-golangci-lint-1.55.2"
        }
      }
    },
    "graphviz@latest": {
      "last_modified": "2023-11-23T16:10:41Z",
      "resolved": "github:NixOS/nixpkgs/e8b0430bc4c4235607ae102010dec2ba32e8c0ca#graphviz",
      "source": "devbox-search",
      "version": "9.0.0",
      "systems": {
        "aarch64-darwin": {
          "store_path": "/nix/store/62ig9n9x72s6ii5dg1wkiqx5bfqqd2lr-graphviz-9.0.0"
        },
        "aarch64-linux": {
          "store_path": "/nix/store/hc9md00z2hrwglg4pigafj9ax50q57yx-graphviz-9.0.0"
        },
        "x86_64-darwin": {
          "store_path": "/nix/store/r4wr3868qrl50xjn0f0nmjyh6blxd0sf-graphviz-9.0.0"
        },
        "x86_64-linux": {
          "store_path": "/nix/store/4h2pc8c4i33wx3rb5sgj3jh1h4i52853-graphviz-9.0.0"
        }
      }
    }
  }
}
